# THIS IS AN AUTOGENERATED FILE. DO NOT EDIT THIS FILE DIRECTLY.
# yarn lockfile v1


add@^2.0.6:
  version "2.0.6"
  resolved "https://registry.yarnpkg.com/add/-/add-2.0.6.tgz#248f0a9f6e5a528ef2295dbeec30532130ae2235"

bootstrap-sass@^3.3.7:
  version "3.3.7"
  resolved "https://registry.yarnpkg.com/bootstrap-sass/-/bootstrap-sass-3.3.7.tgz#6596c7ab40f6637393323ab0bc80d064fc630498"

bootstrap@^4.1.1:
  version "4.1.1"
  resolved "https://registry.yarnpkg.com/bootstrap/-/bootstrap-4.1.1.tgz#3aec85000fa619085da8d2e4983dfd67cf2114cb"

font-awesome@^4.7.0:
  version "4.7.0"
  resolved "https://registry.yarnpkg.com/font-awesome/-/font-awesome-4.7.0.tgz#8fa8cf0411a1a31afd07b06d2902bb9fc815a133"

jquery-modal@^0.9.1:
  version "0.9.1"
  resolved "https://registry.yarnpkg.com/jquery-modal/-/jquery-modal-0.9.1.tgz#f22f13f0efa5ea3f2afaeb7981c1e20114c9d2f2"

trumbowyg@^2.10.0:
  version "2.10.0"
  resolved "https://registry.yarnpkg.com/trumbowyg/-/trumbowyg-2.10.0.tgz#e74682528b07c36c78bcc341ea57bebffd565727"

yarn@^1.9.2:
  version "1.9.2"
  resolved "https://registry.yarnpkg.com/yarn/-/yarn-1.9.2.tgz#7666c6db0fed8dc090ae0dce11a8a28b1d82e391"
